<?xml version="1.0" encoding="utf-8"?>
<Project ToolsVersion="4.0" xmlns="http://schemas.microsoft.com/developer/msbuild/2003">
  <ItemGroup>
    <Filter Include="Source Files">
      <UniqueIdentifier>{4FC737F1-C7A5-4376-A066-2A32D752A2FF}</UniqueIdentifier>
      <Extensions>cpp;c;cc;cxx;c++;cppm;ixx;def;odl;idl;hpj;bat;asm;asmx</Extensions>
    </Filter>
    <Filter Include="Header Files">
      <UniqueIdentifier>{93995380-89BD-4b04-88EB-625FBE52EBFB}</UniqueIdentifier>
      <Extensions>h;hh;hpp;hxx;h++;hm;inl;inc;ipp;xsd</Extensions>
    </Filter>
    <Filter Include="Resource Files">
      <UniqueIdentifier>{67DA6AB6-F800-4c08-8B7A-83BB121AAD01}</UniqueIdentifier>
      <Extensions>rc;ico;cur;bmp;dlg;rc2;rct;bin;rgs;gif;jpg;jpeg;jpe;resx;tiff;tif;png;wav;mfcribbon-ms</Extensions>
    </Filter>
    <Filter Include="Source Files\src">
      <UniqueIdentifier>{f8a6b599-1b5d-4783-acaf-881be05e362a}</UniqueIdentifier>
    </Filter>
    <Filter Include="Source Files\src\MainWindow">
      <UniqueIdentifier>{7f16bd3a-f865-4b50-beb2-0896e7a28759}</UniqueIdentifier>
    </Filter>
    <Filter Include="Header Files\src">
      <UniqueIdentifier>{7d551c27-4243-4cfb-be2c-99990329e4a8}</UniqueIdentifier>
    </Filter>
    <Filter Include="Header Files\src\MainWindow">
      <UniqueIdentifier>{217f9df8-49db-414d-91e0-60d90ffa61f2}</UniqueIdentifier>
    </Filter>
    <Filter Include="Header Files\src\ErrorInfo">
      <UniqueIdentifier>{77d7858d-088a-457a-b9e5-1fb10d9512b5}</UniqueIdentifier>
    </Filter>
    <Filter Include="Source Files\src\ErrorInfo">
      <UniqueIdentifier>{9f2095cb-7b61-4326-bbfb-b996ba888cc1}</UniqueIdentifier>
    </Filter>
    <Filter Include="Source Files\src\third-party">
      <UniqueIdentifier>{0b826f9a-5413-4986-80d2-7940410bb14e}</UniqueIdentifier>
    </Filter>
    <Filter Include="Source Files\src\third-party\imgui">
      <UniqueIdentifier>{1bd4bbd5-d9b0-4028-8478-0d5f65aa16bc}</UniqueIdentifier>
    </Filter>
    <Filter Include="Source Files\src\third-party\imgui\backends">
      <UniqueIdentifier>{41c784f9-0e5f-483d-870f-4c1ddce990f9}</UniqueIdentifier>
    </Filter>
  </ItemGroup>
  <ItemGroup>
    <ClCompile Include="src\main.cpp">
      <Filter>Source Files\src</Filter>
    </ClCompile>
    <ClCompile Include="src\MainWindow\MainWindow.cpp">
      <Filter>Source Files\src\MainWindow</Filter>
    </ClCompile>
    <ClCompile Include="src\ErrorInfo\ValidationLayers.cpp">
      <Filter>Header Files\src\ErrorInfo</Filter>
    </ClCompile>
    <ClCompile Include="third-party\imgui\imgui.cpp">
      <Filter>Source Files\src\third-party\imgui</Filter>
    </ClCompile>
    <ClCompile Include="third-party\imgui\imgui_demo.cpp">
      <Filter>Source Files\src\third-party\imgui</Filter>
    </ClCompile>
    <ClCompile Include="third-party\imgui\imgui_draw.cpp">
      <Filter>Source Files\src\third-party\imgui</Filter>
    </ClCompile>
    <ClCompile Include="third-party\imgui\imgui_tables.cpp">
      <Filter>Source Files\src\third-party\imgui</Filter>
    </ClCompile>
    <ClCompile Include="third-party\imgui\imgui_widgets.cpp">
      <Filter>Source Files\src\third-party\imgui</Filter>
    </ClCompile>
    <ClCompile Include="third-party\imgui\backends\imgui_impl_glfw.cpp">
      <Filter>Source Files\src\third-party\imgui\backends</Filter>
    </ClCompile>
    <ClCompile Include="third-party\imgui\backends\imgui_impl_vulkan.cpp">
      <Filter>Source Files\src\third-party\imgui\backends</Filter>
    </ClCompile>
  </ItemGroup>
  <ItemGroup>
    <ClInclude Include="src\MainWindow\MainWindow.h">
      <Filter>Header Files\src\MainWindow</Filter>
    </ClInclude>
    <ClInclude Include="src\ErrorInfo\ErrorInfo.h">
      <Filter>Source Files\src\ErrorInfo</Filter>
    </ClInclude>
    <ClInclude Include="src\ErrorInfo\ValidationLayers.h">
      <Filter>Source Files\src\ErrorInfo</Filter>
    </ClInclude>
  </ItemGroup>
</Project>